// !$*UTF8*$!
{
	archiveVersion = 1;
	classes = {
	};
	objectVersion = 50;
	objects = {

/* Begin PBXBuildFile section */
		5EE9935A23D7600700CFF4CE /* AppleScriptObjC.framework in Frameworks */ = {isa = PBXBuildFile; fileRef = 5EE9935923D7600700CFF4CE /* AppleScriptObjC.framework */; };
		5EE9935D23D7600700CFF4CE /* AppDelegate.applescript in Sources */ = {isa = PBXBuildFile; fileRef = 5EE9935C23D7600700CFF4CE /* AppDelegate.applescript */; };
		5EE9935F23D7601500CFF4CE /* Assets.xcassets in Resources */ = {isa = PBXBuildFile; fileRef = 5EE9935E23D7601500CFF4CE /* Assets.xcassets */; };
		5EE9936223D7601500CFF4CE /* MainMenu.xib in Resources */ = {isa = PBXBuildFile; fileRef = 5EE9936023D7601500CFF4CE /* MainMenu.xib */; };
		5EE9936523D7601500CFF4CE /* main.m in Sources */ = {isa = PBXBuildFile; fileRef = 5EE9936423D7601500CFF4CE /* main.m */; };
/* End PBXBuildFile section */

/* Begin PBXFileReference section */
		5EE9935623D7600700CFF4CE /* ASOC_IconCollection.app */ = {isa = PBXFileReference; explicitFileType = wrapper.application; includeInIndex = 0; path = ASOC_IconCollection.app; sourceTree = BUILT_PRODUCTS_DIR; };
		5EE9935923D7600700CFF4CE /* AppleScriptObjC.framework */ = {isa = PBXFileReference; lastKnownFileType = wrapper.framework; name = AppleScriptObjC.framework; path = System/Library/Frameworks/AppleScriptObjC.framework; sourceTree = SDKROOT; };
		5EE9935C23D7600700CFF4CE /* AppDelegate.applescript */ = {isa = PBXFileReference; lastKnownFileType = sourcecode.applescript; path = AppDelegate.applescript; sourceTree = "<group>"; };
		5EE9935E23D7601500CFF4CE /* Assets.xcassets */ = {isa = PBXFileReference; lastKnownFileType = folder.assetcatalog; path = Assets.xcassets; sourceTree = "<group>"; };
		5EE9936123D7601500CFF4CE /* Base */ = {isa = PBXFileReference; lastKnownFileType = file.xib; name = Base; path = Base.lproj/MainMenu.xib; sourceTree = "<group>"; };
		5EE9936323D7601500CFF4CE /* Info.plist */ = {isa = PBXFileReference; lastKnownFileType = text.plist.xml; path = Info.plist; sourceTree = "<group>"; };
		5EE9936423D7601500CFF4CE /* main.m */ = {isa = PBXFileReference; lastKnownFileType = sourcecode.c.objc; path = main.m; sourceTree = "<group>"; };
/* End PBXFileReference section */

/* Begin PBXFrameworksBuildPhase section */
		5EE9935323D7600700CFF4CE /* Frameworks */ = {
			isa = PBXFrameworksBuildPhase;
			buildActionMask = 2147483647;
			files = (
				5EE9935A23D7600700CFF4CE /* AppleScriptObjC.framework in Frameworks */,
			);
			runOnlyForDeploymentPostprocessing = 0;
		};
/* End PBXFrameworksBuildPhase section */

/* Begin PBXGroup section */
		5EE9934D23D7600700CFF4CE = {
			isa = PBXGroup;
			children = (
				5EE9935B23D7600700CFF4CE /* ASOC_IconCollection */,
				5EE9935823D7600700CFF4CE /* Frameworks */,
				5EE9935723D7600700CFF4CE /* Products */,
			);
			sourceTree = "<group>";
		};
		5EE9935723D7600700CFF4CE /* Products */ = {
			isa = PBXGroup;
			children = (
				5EE9935623D7600700CFF4CE /* ASOC_IconCollection.app */,
			);
			name = Products;
			sourceTree = "<group>";
		};
		5EE9935823D7600700CFF4CE /* Frameworks */ = {
			isa = PBXGroup;
			children = (
				5EE9935923D7600700CFF4CE /* AppleScriptObjC.framework */,
			);
			name = Frameworks;
			sourceTree = "<group>";
		};
		5EE9935B23D7600700CFF4CE /* ASOC_IconCollection */ = {
			isa = PBXGroup;
			children = (
				5EE9935C23D7600700CFF4CE /* AppDelegate.applescript */,
				5EE9935E23D7601500CFF4CE /* Assets.xcassets */,
				5EE9936023D7601500CFF4CE /* MainMenu.xib */,
				5EE9936323D7601500CFF4CE /* Info.plist */,
				5EE9936423D7601500CFF4CE /* main.m */,
			);
			path = ASOC_IconCollection;
			sourceTree = "<group>";
		};
/* End PBXGroup section */

/* Begin PBXNativeTarget section */
		5EE9935523D7600700CFF4CE /* ASOC_IconCollection */ = {
			isa = PBXNativeTarget;
			buildConfigurationList = 5EE9936823D7601500CFF4CE /* Build configuration list for PBXNativeTarget "ASOC_IconCollection" */;
			buildPhases = (
				5EE9935223D7600700CFF4CE /* Sources */,
				5EE9935323D7600700CFF4CE /* Frameworks */,
				5EE9935423D7600700CFF4CE /* Resources */,
			);
			buildRules = (
			);
			dependencies = (
			);
			name = ASOC_IconCollection;
			productName = ASOC_IconCollection;
			productReference = 5EE9935623D7600700CFF4CE /* ASOC_IconCollection.app */;
			productType = "com.apple.product-type.application";
		};
/* End PBXNativeTarget section */

/* Begin PBXProject section */
		5EE9934E23D7600700CFF4CE /* Project object */ = {
			isa = PBXProject;
			attributes = {
				LastUpgradeCheck = 1130;
				ORGANIZATIONNAME = zzz;
				TargetAttributes = {
					5EE9935523D7600700CFF4CE = {
						CreatedOnToolsVersion = 11.3.1;
					};
				};
			};
			buildConfigurationList = 5EE9935123D7600700CFF4CE /* Build configuration list for PBXProject "ASOC_IconCollection" */;
			compatibilityVersion = "Xcode 9.3";
			developmentRegion = en;
			hasScannedForEncodings = 0;
			knownRegions = (
				en,
				Base,
			);
			mainGroup = 5EE9934D23D7600700CFF4CE;
			productRefGroup = 5EE9935723D7600700CFF4CE /* Products */;
			projectDirPath = "";
			projectRoot = "";
			targets = (
				5EE9935523D7600700CFF4CE /* ASOC_IconCollection */,
			);
		};
/* End PBXProject section */

/* Begin PBXResourcesBuildPhase section */
		5EE9935423D7600700CFF4CE /* Resources */ = {
			isa = PBXResourcesBuildPhase;
			buildActionMask = 2147483647;
			files = (
				5EE9935F23D7601500CFF4CE /* Assets.xcassets in Resources */,
				5EE9936223D7601500CFF4CE /* MainMenu.xib in Resources */,
			);
			runOnlyForDeploymentPostprocessing = 0;
		};
/* End PBXResourcesBuildPhase section */

/* Begin PBXSourcesBuildPhase section */
		5EE9935223D7600700CFF4CE /* Sources */ = {
			isa = PBXSourcesBuildPhase;
			buildActionMask = 2147483647;
			files = (
				5EE9936523D7601500CFF4CE /* main.m in Sources */,
				5EE9935D23D7600700CFF4CE /* AppDelegate.applescript in Sources */,
			);
			runOnlyForDeploymentPostprocessing = 0;
		};
/* End PBXSourcesBuildPhase section */

/* Begin PBXVariantGroup section */
		5EE9936023D7601500CFF4CE /* MainMenu.xib */ = {
			isa = PBXVariantGroup;
			children = (
				5EE9936123D7601500CFF4CE /* Base */,
			);
			name = MainMenu.xib;
			sourceTree = "<group>";
		};
/* End PBXVariantGroup section */

/* Begin XCBuildConfiguration section */
		5EE9936623D7601500CFF4CE /* Debug */ = {
			isa = XCBuildConfiguration;
			buildSettings = {
				ALWAYS_SEARCH_USER_PATHS = NO;
				CLANG_ANALYZER_NONNULL = YES;
				CLANG_ANALYZER_NUMBER_OBJECT_CONVERSION = YES_AGGRESSIVE;
				CLANG_CXX_LANGUAGE_STANDARD = "gnu++14";
				CLANG_CXX_LIBRARY = "libc++";
				CLANG_ENABLE_MODULES = YES;
				CLANG_ENABLE_OBJC_ARC = YES;
				CLANG_ENABLE_OBJC_WEAK = YES;
				CLANG_WARN_BLOCK_CAPTURE_AUTORELEASING = YES;
				CLANG_WARN_BOOL_CONVERSION = YES;
				CLANG_WARN_COMMA = YES;
				CLANG_WARN_CONSTANT_CONVERSION = YES;
				CLANG_WARN_DEPRECATED_OBJC_IMPLEMENTATIONS = YES;
				CLANG_WARN_DIRECT_OBJC_ISA_USAGE = YES_ERROR;
				CLANG_WARN_DOCUMENTATION_COMMENTS = YES;
				CLANG_WARN_EMPTY_BODY = YES;
				CLANG_WARN_ENUM_CONVERSION = YES;
				CLANG_WARN_INFINITE_RECURSION = YES;
				CLANG_WARN_INT_CONVERSION = YES;
				CLANG_WARN_NON_LITERAL_NULL_CONVERSION = YES;
				CLANG_WARN_OBJC_IMPLICIT_RETAIN_SELF = YES;
				CLANG_WARN_OBJC_LITERAL_CONVERSION = YES;
				CLANG_WARN_OBJC_ROOT_CLASS = YES_ERROR;
				CLANG_WARN_RANGE_LOOP_ANALYSIS = YES;
				CLANG_WARN_STRICT_PROTOTYPES = YES;
				CLANG_WARN_SUSPICIOUS_MOVE = YES;
				CLANG_WARN_UNGUARDED_AVAILABILITY = YES_AGGRESSIVE;
				CLANG_WARN_UNREACHABLE_CODE = YES;
				CLANG_WARN__DUPLICATE_METHOD_MATCH = YES;
				COPY_PHASE_STRIP = NO;
				DEBUG_INFORMATION_FORMAT = dwarf;
				ENABLE_STRICT_OBJC_MSGSEND = YES;
				ENABLE_TESTABILITY = YES;
				GCC_C_LANGUAGE_STANDARD = gnu11;
				GCC_DYNAMIC_NO_PIC = NO;
				GCC_NO_COMMON_BLOCKS = YES;
				GCC_OPTIMIZATION_LEVEL = 0;
				GCC_PREPROCESSOR_DEFINITIONS = (
					"DEBUG=1",
					"$(inherited)",
				);
				GCC_WARN_64_TO_32_BIT_CONVERSION = YES;
				GCC_WARN_ABOUT_RETURN_TYPE = YES_ERROR;
				GCC_WARN_UNDECLARED_SELECTOR = YES;
				GCC_WARN_UNINITIALIZED_AUTOS = YES_AGGRESSIVE;
				GCC_WARN_UNUSED_FUNCTION = YES;
				GCC_WARN_UNUSED_VARIABLE = YES;
				MACOSX_DEPLOYMENT_TARGET = 10.14;
				MTL_ENABLE_DEBUG_INFO = INCLUDE_SOURCE;
				MTL_FAST_MATH = YES;
				ONLY_ACTIVE_ARCH = YES;
				OSACOMPILE_EXECUTE_ONLY = YES;
				SDKROOT = macosx;
			};
			name = Debug;
		};
		5EE9936723D7601500CFF4CE /* Release */ = {
			isa = XCBuildConfiguration;
			buildSettings = {
				ALWAYS_SEARCH_USER_PATHS = NO;
				CLANG_ANALYZER_NONNULL = YES;
				CLANG_ANALYZER_NUMBER_OBJECT_CONVERSION = YES_AGGRESSIVE;
				CLANG_CXX_LANGUAGE_STANDARD = "gnu++14";
				CLANG_CXX_LIBRARY = "libc++";
				CLANG_ENABLE_MODULES = YES;
				CLANG_ENABLE_OBJC_ARC = YES;
				CLANG_ENABLE_OBJC_WEAK = YES;
				CLANG_WARN_BLOCK_CAPTURE_AUTORELEASING = YES;
				CLANG_WARN_BOOL_CONVERSION = YES;
				CLANG_WARN_COMMA = YES;
				CLANG_WARN_CONSTANT_CONVERSION = YES;
				CLANG_WARN_DEPRECATED_OBJC_IMPLEMENTATIONS = YES;
				CLANG_WARN_DIRECT_OBJC_ISA_USAGE = YES_ERROR;
				CLANG_WARN_DOCUMENTATION_COMMENTS = YES;
				CLANG_WARN_EMPTY_BODY = YES;
				CLANG_WARN_ENUM_CONVERSION = YES;
				CLANG_WARN_INFINITE_RECURSION = YES;
				CLANG_WARN_INT_CONVERSION = YES;
				CLANG_WARN_NON_LITERAL_NULL_CONVERSION = YES;
				CLANG_WARN_OBJC_IMPLICIT_RETAIN_SELF = YES;
				CLANG_WARN_OBJC_LITERAL_CONVERSION = YES;
				CLANG_WARN_OBJC_ROOT_CLASS = YES_ERROR;
				CLANG_WARN_RANGE_LOOP_ANALYSIS = YES;
				CLANG_WARN_STRICT_PROTOTYPES = YES;
				CLANG_WARN_SUSPICIOUS_MOVE = YES;
				CLANG_WARN_UNGUARDED_AVAILABILITY = YES_AGGRESSIVE;
				CLANG_WARN_UNREACHABLE_CODE = YES;
				CLANG_WARN__DUPLICATE_METHOD_MATCH = YES;
				COPY_PHASE_STRIP = NO;
				DEBUG_INFORMATION_FORMAT = "dwarf-with-dsym";
				ENABLE_NS_ASSERTIONS = NO;
				ENABLE_STRICT_OBJC_MSGSEND = YES;
				GCC_C_LANGUAGE_STANDARD = gnu11;
				GCC_NO_COMMON_BLOCKS = YES;
				GCC_WARN_64_TO_32_BIT_CONVERSION = YES;
				GCC_WARN_ABOUT_RETURN_TYPE = YES_ERROR;
				GCC_WARN_UNDECLARED_SELECTOR = YES;
				GCC_WARN_UNINITIALIZED_AUTOS = YES_AGGRESSIVE;
				GCC_WARN_UNUSED_FUNCTION = YES;
				GCC_WARN_UNUSED_VARIABLE = YES;
				MACOSX_DEPLOYMENT_TARGET = 10.14;
				MTL_ENABLE_DEBUG_INFO = NO;
				MTL_FAST_MATH = YES;
				OSACOMPILE_EXECUTE_ONLY = YES;
				SDKROOT = macosx;
			};
			name = Release;
		};
		5EE9936923D7601500CFF4CE /* Debug */ = {
			isa = XCBuildConfiguration;
			buildSettings = {
				ASSETCATALOG_COMPILER_APPICON_NAME = AppIcon;
				CODE_SIGN_STYLE = Automatic;
				COMBINE_HIDPI_IMAGES = YES;
				INFOPLIST_FILE = ASOC_IconCollection/Info.plist;
				LD_RUNPATH_SEARCH_PATHS = (
					"$(inherited)",
					"@executable_path/../Frameworks",
				);
				OSACOMPILE_EXECUTE_ONLY = YES;
				PRODUCT_BUNDLE_IDENTIFIER = "com.yukikaze.ASOC-IconCollection";
				PRODUCT_NAME = "$(TARGET_NAME)";
			};
			name = Debug;
		};
		5EE9936A23D7601500CFF4CE /* Release */ = {
			isa = XCBuildConfiguration;
			buildSettings = {
				ASSETCATALOG_COMPILER_APPICON_NAME = AppIcon;
				CODE_SIGN_STYLE = Automatic;
				COMBINE_HIDPI_IMAGES = YES;
				INFOPLIST_FILE = ASOC_IconCollection/Info.plist;
				LD_RUNPATH_SEARCH_PATHS = (
					"$(inherited)",
					"@executable_path/../Frameworks",
				);
				OSACOMPILE_EXECUTE_ONLY = YES;
				PRODUCT_BUNDLE_IDENTIFIER = "com.yukikaze.ASOC-IconCollection";
				PRODUCT_NAME = "$(TARGET_NAME)";
			};
			name = Release;
		};
/* End XCBuildConfiguration section */

/* Begin XCConfigurationList section */
		5EE9935123D7600700CFF4CE /* Build configuration list for PBXProject "ASOC_IconCollection" */ = {
			isa = XCConfigurationList;
			buildConfigurations = (
				5EE9936623D7601500CFF4CE /* Debug */,
				5EE9936723D7601500CFF4CE /* Release */,
			);
			defaultConfigurationIsVisible = 0;
			defaultConfigurationName = Release;
		};
		5EE9936823D7601500CFF4CE /* Build configuration list for PBXNativeTarget "ASOC_IconCollection" */ = {
			isa = XCConfigurationList;
			buildConfigurations = (
				5EE9936923D7601500CFF4CE /* Debug */,
				5EE9936A23D7601500CFF4CE /* Release */,
			);
			defaultConfigurationIsVisible = 0;
			defaultConfigurationName = Release;
		};
/* End XCConfigurationList section */
	};
	rootObject = 5EE9934E23D7600700CFF4CE /* Project object */;
}
